// !$*UTF8*$!
{
	archiveVersion = 1;
	classes = {
	};
	objectVersion = 46;
	objects = {

/* Begin PBXBuildFile section */
		F81B9FF21AB223F600202056 /* UserCenterViewController.swift in Sources */ = {isa = PBXBuildFile; fileRef = F81B9FF11AB223F600202056 /* UserCenterViewController.swift */; };
		F81B9FF41AB2244500202056 /* BookCenterViewController.swift in Sources */ = {isa = PBXBuildFile; fileRef = F81B9FF31AB2244500202056 /* BookCenterViewController.swift */; };
		F81B9FF61AB2246200202056 /* BookManageViewController.swift in Sources */ = {isa = PBXBuildFile; fileRef = F81B9FF51AB2246200202056 /* BookManageViewController.swift */; };
		F85C18AA1AB37D9000140C7F /* SignupLoginCell.xib in Resources */ = {isa = PBXBuildFile; fileRef = F85C18A91AB37D9000140C7F /* SignupLoginCell.xib */; };
		F85C18AE1AB37F8E00140C7F /* SignupLoginCell.swift in Sources */ = {isa = PBXBuildFile; fileRef = F85C18AD1AB37F8E00140C7F /* SignupLoginCell.swift */; };
		F8775C231AA8B7E2009BD8EC /* NothingFoundCell.xib in Resources */ = {isa = PBXBuildFile; fileRef = F8775C221AA8B7E2009BD8EC /* NothingFoundCell.xib */; };
		F8775C271AA8CFC6009BD8EC /* Books.swift in Sources */ = {isa = PBXBuildFile; fileRef = F8775C261AA8CFC6009BD8EC /* Books.swift */; };
		F8775C291AA8CFEF009BD8EC /* Owners.swift in Sources */ = {isa = PBXBuildFile; fileRef = F8775C281AA8CFEF009BD8EC /* Owners.swift */; };
		F8775C2B1AA8D5FD009BD8EC /* Searcher.swift in Sources */ = {isa = PBXBuildFile; fileRef = F8775C2A1AA8D5FD009BD8EC /* Searcher.swift */; };
		F88470C41AB0C2E20019756B /* Validation.swift in Sources */ = {isa = PBXBuildFile; fileRef = F88470C31AB0C2E20019756B /* Validation.swift */; };
		F88470C61AB0E2AC0019756B /* GradientView.swift in Sources */ = {isa = PBXBuildFile; fileRef = F88470C51AB0E2AC0019756B /* GradientView.swift */; };
		F88470C81AB0E72C0019756B /* BounceAnimationController.swift in Sources */ = {isa = PBXBuildFile; fileRef = F88470C71AB0E72C0019756B /* BounceAnimationController.swift */; };
		F88484D11AADE87000CC9498 /* LoadingCell.xib in Resources */ = {isa = PBXBuildFile; fileRef = F88484D01AADE87000CC9498 /* LoadingCell.xib */; };
		F8901BC21AA792AC009D0790 /* AppDelegate.swift in Sources */ = {isa = PBXBuildFile; fileRef = F8901BC11AA792AC009D0790 /* AppDelegate.swift */; };
		F8901BC71AA792AC009D0790 /* Main.storyboard in Resources */ = {isa = PBXBuildFile; fileRef = F8901BC51AA792AC009D0790 /* Main.storyboard */; };
		F8901BC91AA792AC009D0790 /* Images.xcassets in Resources */ = {isa = PBXBuildFile; fileRef = F8901BC81AA792AC009D0790 /* Images.xcassets */; };
		F8901BCC1AA792AC009D0790 /* LaunchScreen.xib in Resources */ = {isa = PBXBuildFile; fileRef = F8901BCA1AA792AC009D0790 /* LaunchScreen.xib */; };
		F8901BD81AA792AD009D0790 /* Barrie2BookTests.swift in Sources */ = {isa = PBXBuildFile; fileRef = F8901BD71AA792AD009D0790 /* Barrie2BookTests.swift */; };
		F8901BEB1AA793AA009D0790 /* SearchViewController.swift in Sources */ = {isa = PBXBuildFile; fileRef = F8901BEA1AA793AA009D0790 /* SearchViewController.swift */; };
		F8901C211AA803ED009D0790 /* SearchResultCell.swift in Sources */ = {isa = PBXBuildFile; fileRef = F8901C201AA803ED009D0790 /* SearchResultCell.swift */; };
		F8901C271AA807E4009D0790 /* SearchResultCell.xib in Resources */ = {isa = PBXBuildFile; fileRef = F8901C261AA807E4009D0790 /* SearchResultCell.xib */; };
		F8AEFD4F1AAF11A200F0CCDA /* DetailViewController.swift in Sources */ = {isa = PBXBuildFile; fileRef = F8AEFD4E1AAF11A200F0CCDA /* DetailViewController.swift */; };
		F8AEFD511AAF1D2800F0CCDA /* DimmingPresentationController.swift in Sources */ = {isa = PBXBuildFile; fileRef = F8AEFD501AAF1D2800F0CCDA /* DimmingPresentationController.swift */; };
		F8AEFD531AAF27B300F0CCDA /* SlideOutAnimationController.swift in Sources */ = {isa = PBXBuildFile; fileRef = F8AEFD521AAF27B300F0CCDA /* SlideOutAnimationController.swift */; };
/* End PBXBuildFile section */

/* Begin PBXContainerItemProxy section */
		F8901BD21AA792AD009D0790 /* PBXContainerItemProxy */ = {
			isa = PBXContainerItemProxy;
			containerPortal = F8901BB41AA792AC009D0790 /* Project object */;
			proxyType = 1;
			remoteGlobalIDString = F8901BBB1AA792AC009D0790;
			remoteInfo = Barrie2Book;
		};
/* End PBXContainerItemProxy section */

/* Begin PBXFileReference section */
		F81B9FF11AB223F600202056 /* UserCenterViewController.swift */ = {isa = PBXFileReference; fileEncoding = 4; lastKnownFileType = sourcecode.swift; path = UserCenterViewController.swift; sourceTree = "<group>"; };
		F81B9FF31AB2244500202056 /* BookCenterViewController.swift */ = {isa = PBXFileReference; fileEncoding = 4; lastKnownFileType = sourcecode.swift; path = BookCenterViewController.swift; sourceTree = "<group>"; };
		F81B9FF51AB2246200202056 /* BookManageViewController.swift */ = {isa = PBXFileReference; fileEncoding = 4; lastKnownFileType = sourcecode.swift; path = BookManageViewController.swift; sourceTree = "<group>"; };
		F85C18A91AB37D9000140C7F /* SignupLoginCell.xib */ = {isa = PBXFileReference; fileEncoding = 4; lastKnownFileType = file.xib; path = SignupLoginCell.xib; sourceTree = "<group>"; };
		F85C18AD1AB37F8E00140C7F /* SignupLoginCell.swift */ = {isa = PBXFileReference; fileEncoding = 4; lastKnownFileType = sourcecode.swift; path = SignupLoginCell.swift; sourceTree = "<group>"; };
		F8775C221AA8B7E2009BD8EC /* NothingFoundCell.xib */ = {isa = PBXFileReference; fileEncoding = 4; lastKnownFileType = file.xib; path = NothingFoundCell.xib; sourceTree = "<group>"; };
		F8775C261AA8CFC6009BD8EC /* Books.swift */ = {isa = PBXFileReference; fileEncoding = 4; lastKnownFileType = sourcecode.swift; path = Books.swift; sourceTree = "<group>"; };
		F8775C281AA8CFEF009BD8EC /* Owners.swift */ = {isa = PBXFileReference; fileEncoding = 4; lastKnownFileType = sourcecode.swift; path = Owners.swift; sourceTree = "<group>"; };
		F8775C2A1AA8D5FD009BD8EC /* Searcher.swift */ = {isa = PBXFileReference; fileEncoding = 4; lastKnownFileType = sourcecode.swift; path = Searcher.swift; sourceTree = "<group>"; };
		F88470C31AB0C2E20019756B /* Validation.swift */ = {isa = PBXFileReference; fileEncoding = 4; lastKnownFileType = sourcecode.swift; path = Validation.swift; sourceTree = "<group>"; };
		F88470C51AB0E2AC0019756B /* GradientView.swift */ = {isa = PBXFileReference; fileEncoding = 4; lastKnownFileType = sourcecode.swift; path = GradientView.swift; sourceTree = "<group>"; };
		F88470C71AB0E72C0019756B /* BounceAnimationController.swift */ = {isa = PBXFileReference; fileEncoding = 4; lastKnownFileType = sourcecode.swift; path = BounceAnimationController.swift; sourceTree = "<group>"; };
		F88484D01AADE87000CC9498 /* LoadingCell.xib */ = {isa = PBXFileReference; fileEncoding = 4; lastKnownFileType = file.xib; path = LoadingCell.xib; sourceTree = "<group>"; };
		F8901BBC1AA792AC009D0790 /* Barrie2Book.app */ = {isa = PBXFileReference; explicitFileType = wrapper.application; includeInIndex = 0; path = Barrie2Book.app; sourceTree = BUILT_PRODUCTS_DIR; };
		F8901BC01AA792AC009D0790 /* Info.plist */ = {isa = PBXFileReference; lastKnownFileType = text.plist.xml; path = Info.plist; sourceTree = "<group>"; };
		F8901BC11AA792AC009D0790 /* AppDelegate.swift */ = {isa = PBXFileReference; lastKnownFileType = sourcecode.swift; path = AppDelegate.swift; sourceTree = "<group>"; };
		F8901BC61AA792AC009D0790 /* Base */ = {isa = PBXFileReference; lastKnownFileType = file.storyboard; name = Base; path = Base.lproj/Main.storyboard; sourceTree = "<group>"; };
		F8901BC81AA792AC009D0790 /* Images.xcassets */ = {isa = PBXFileReference; lastKnownFileType = folder.assetcatalog; path = Images.xcassets; sourceTree = "<group>"; };
		F8901BCB1AA792AC009D0790 /* Base */ = {isa = PBXFileReference; lastKnownFileType = file.xib; name = Base; path = Base.lproj/LaunchScreen.xib; sourceTree = "<group>"; };
		F8901BD11AA792AD009D0790 /* Barrie2BookTests.xctest */ = {isa = PBXFileReference; explicitFileType = wrapper.cfbundle; includeInIndex = 0; path = Barrie2BookTests.xctest; sourceTree = BUILT_PRODUCTS_DIR; };
		F8901BD61AA792AD009D0790 /* Info.plist */ = {isa = PBXFileReference; lastKnownFileType = text.plist.xml; path = Info.plist; sourceTree = "<group>"; };
		F8901BD71AA792AD009D0790 /* Barrie2BookTests.swift */ = {isa = PBXFileReference; lastKnownFileType = sourcecode.swift; path = Barrie2BookTests.swift; sourceTree = "<group>"; };
		F8901BEA1AA793AA009D0790 /* SearchViewController.swift */ = {isa = PBXFileReference; fileEncoding = 4; lastKnownFileType = sourcecode.swift; path = SearchViewController.swift; sourceTree = "<group>"; };
		F8901C201AA803ED009D0790 /* SearchResultCell.swift */ = {isa = PBXFileReference; fileEncoding = 4; lastKnownFileType = sourcecode.swift; path = SearchResultCell.swift; sourceTree = "<group>"; };
		F8901C261AA807E4009D0790 /* SearchResultCell.xib */ = {isa = PBXFileReference; fileEncoding = 4; lastKnownFileType = file.xib; path = SearchResultCell.xib; sourceTree = "<group>"; };
		F8AEFD4E1AAF11A200F0CCDA /* DetailViewController.swift */ = {isa = PBXFileReference; fileEncoding = 4; lastKnownFileType = sourcecode.swift; path = DetailViewController.swift; sourceTree = "<group>"; };
		F8AEFD501AAF1D2800F0CCDA /* DimmingPresentationController.swift */ = {isa = PBXFileReference; fileEncoding = 4; lastKnownFileType = sourcecode.swift; path = DimmingPresentationController.swift; sourceTree = "<group>"; };
		F8AEFD521AAF27B300F0CCDA /* SlideOutAnimationController.swift */ = {isa = PBXFileReference; fileEncoding = 4; lastKnownFileType = sourcecode.swift; path = SlideOutAnimationController.swift; sourceTree = "<group>"; };
/* End PBXFileReference section */

/* Begin PBXFrameworksBuildPhase section */
		F8901BB91AA792AC009D0790 /* Frameworks */ = {
			isa = PBXFrameworksBuildPhase;
			buildActionMask = 2147483647;
			files = (
			);
			runOnlyForDeploymentPostprocessing = 0;
		};
		F8901BCE1AA792AD009D0790 /* Frameworks */ = {
			isa = PBXFrameworksBuildPhase;
			buildActionMask = 2147483647;
			files = (
			);
			runOnlyForDeploymentPostprocessing = 0;
		};
/* End PBXFrameworksBuildPhase section */

/* Begin PBXGroup section */
		F8901BB31AA792AC009D0790 = {
			isa = PBXGroup;
			children = (
				F8901BBE1AA792AC009D0790 /* Barrie2Book */,
				F8901BD41AA792AD009D0790 /* Barrie2BookTests */,
				F8901BBD1AA792AC009D0790 /* Products */,
			);
			sourceTree = "<group>";
		};
		F8901BBD1AA792AC009D0790 /* Products */ = {
			isa = PBXGroup;
			children = (
				F8901BBC1AA792AC009D0790 /* Barrie2Book.app */,
				F8901BD11AA792AD009D0790 /* Barrie2BookTests.xctest */,
			);
			name = Products;
			sourceTree = "<group>";
		};
		F8901BBE1AA792AC009D0790 /* Barrie2Book */ = {
			isa = PBXGroup;
			children = (
				F8901BE31AA7933D009D0790 /* Models */,
				F8901BE21AA79334009D0790 /* Controllers */,
				F8901BE11AA7932C009D0790 /* Views */,
				F8901BC81AA792AC009D0790 /* Images.xcassets */,
				F8901BBF1AA792AC009D0790 /* Supporting Files */,
			);
			path = Barrie2Book;
			sourceTree = "<group>";
		};
		F8901BBF1AA792AC009D0790 /* Supporting Files */ = {
			isa = PBXGroup;
			children = (
				F8901BC01AA792AC009D0790 /* Info.plist */,
			);
			name = "Supporting Files";
			sourceTree = "<group>";
		};
		F8901BD41AA792AD009D0790 /* Barrie2BookTests */ = {
			isa = PBXGroup;
			children = (
				F8901BD71AA792AD009D0790 /* Barrie2BookTests.swift */,
				F8901BD51AA792AD009D0790 /* Supporting Files */,
			);
			path = Barrie2BookTests;
			sourceTree = "<group>";
		};
		F8901BD51AA792AD009D0790 /* Supporting Files */ = {
			isa = PBXGroup;
			children = (
				F8901BD61AA792AD009D0790 /* Info.plist */,
			);
			name = "Supporting Files";
			sourceTree = "<group>";
		};
		F8901BE11AA7932C009D0790 /* Views */ = {
			isa = PBXGroup;
			children = (
				F8901BCA1AA792AC009D0790 /* LaunchScreen.xib */,
				F8901BC51AA792AC009D0790 /* Main.storyboard */,
				F88484D01AADE87000CC9498 /* LoadingCell.xib */,
				F8901C261AA807E4009D0790 /* SearchResultCell.xib */,
				F8775C221AA8B7E2009BD8EC /* NothingFoundCell.xib */,
				F85C18A91AB37D9000140C7F /* SignupLoginCell.xib */,
			);
			name = Views;
			sourceTree = "<group>";
		};
		F8901BE21AA79334009D0790 /* Controllers */ = {
			isa = PBXGroup;
			children = (
				F8901BC11AA792AC009D0790 /* AppDelegate.swift */,
				F8901C1C1AA7F8A2009D0790 /* Trade */,
				F8901C1D1AA7F8B0009D0790 /* User */,
			);
			name = Controllers;
			sourceTree = "<group>";
		};
		F8901BE31AA7933D009D0790 /* Models */ = {
			isa = PBXGroup;
			children = (
				F8775C261AA8CFC6009BD8EC /* Books.swift */,
				F8775C281AA8CFEF009BD8EC /* Owners.swift */,
			);
			name = Models;
			sourceTree = "<group>";
		};
		F8901C1C1AA7F8A2009D0790 /* Trade */ = {
			isa = PBXGroup;
			children = (
				F8901BEA1AA793AA009D0790 /* SearchViewController.swift */,
				F8901C201AA803ED009D0790 /* SearchResultCell.swift */,
				F8775C2A1AA8D5FD009BD8EC /* Searcher.swift */,
				F8AEFD4E1AAF11A200F0CCDA /* DetailViewController.swift */,
				F8AEFD501AAF1D2800F0CCDA /* DimmingPresentationController.swift */,
				F88470C51AB0E2AC0019756B /* GradientView.swift */,
				F88470C71AB0E72C0019756B /* BounceAnimationController.swift */,
				F8AEFD521AAF27B300F0CCDA /* SlideOutAnimationController.swift */,
			);
			name = Trade;
			sourceTree = "<group>";
		};
		F8901C1D1AA7F8B0009D0790 /* User */ = {
			isa = PBXGroup;
			children = (
				F88470C31AB0C2E20019756B /* Validation.swift */,
				F85C18AD1AB37F8E00140C7F /* SignupLoginCell.swift */,
				F81B9FF11AB223F600202056 /* UserCenterViewController.swift */,
				F81B9FF31AB2244500202056 /* BookCenterViewController.swift */,
				F81B9FF51AB2246200202056 /* BookManageViewController.swift */,
			);
			name = User;
			sourceTree = "<group>";
		};
/* End PBXGroup section */

/* Begin PBXNativeTarget section */
		F8901BBB1AA792AC009D0790 /* Barrie2Book */ = {
			isa = PBXNativeTarget;
			buildConfigurationList = F8901BDB1AA792AD009D0790 /* Build configuration list for PBXNativeTarget "Barrie2Book" */;
			buildPhases = (
				F8901BB81AA792AC009D0790 /* Sources */,
				F8901BB91AA792AC009D0790 /* Frameworks */,
				F8901BBA1AA792AC009D0790 /* Resources */,
			);
			buildRules = (
			);
			dependencies = (
			);
			name = Barrie2Book;
			productName = Barrie2Book;
			productReference = F8901BBC1AA792AC009D0790 /* Barrie2Book.app */;
			productType = "com.apple.product-type.application";
		};
		F8901BD01AA792AD009D0790 /* Barrie2BookTests */ = {
			isa = PBXNativeTarget;
			buildConfigurationList = F8901BDE1AA792AD009D0790 /* Build configuration list for PBXNativeTarget "Barrie2BookTests" */;
			buildPhases = (
				F8901BCD1AA792AD009D0790 /* Sources */,
				F8901BCE1AA792AD009D0790 /* Frameworks */,
				F8901BCF1AA792AD009D0790 /* Resources */,
			);
			buildRules = (
			);
			dependencies = (
				F8901BD31AA792AD009D0790 /* PBXTargetDependency */,
			);
			name = Barrie2BookTests;
			productName = Barrie2BookTests;
			productReference = F8901BD11AA792AD009D0790 /* Barrie2BookTests.xctest */;
			productType = "com.apple.product-type.bundle.unit-test";
		};
/* End PBXNativeTarget section */

/* Begin PBXProject section */
		F8901BB41AA792AC009D0790 /* Project object */ = {
			isa = PBXProject;
			attributes = {
				LastUpgradeCheck = 0610;
				ORGANIZATIONNAME = "Huibin Zhao";
				TargetAttributes = {
					F8901BBB1AA792AC009D0790 = {
						CreatedOnToolsVersion = 6.1.1;
					};
					F8901BD01AA792AD009D0790 = {
						CreatedOnToolsVersion = 6.1.1;
						TestTargetID = F8901BBB1AA792AC009D0790;
					};
				};
			};
			buildConfigurationList = F8901BB71AA792AC009D0790 /* Build configuration list for PBXProject "Barrie2Book" */;
			compatibilityVersion = "Xcode 3.2";
			developmentRegion = English;
			hasScannedForEncodings = 0;
			knownRegions = (
				en,
				Base,
			);
			mainGroup = F8901BB31AA792AC009D0790;
			productRefGroup = F8901BBD1AA792AC009D0790 /* Products */;
			projectDirPath = "";
			projectRoot = "";
			targets = (
				F8901BBB1AA792AC009D0790 /* Barrie2Book */,
				F8901BD01AA792AD009D0790 /* Barrie2BookTests */,
			);
		};
/* End PBXProject section */

/* Begin PBXResourcesBuildPhase section */
		F8901BBA1AA792AC009D0790 /* Resources */ = {
			isa = PBXResourcesBuildPhase;
			buildActionMask = 2147483647;
			files = (
				F8901BC71AA792AC009D0790 /* Main.storyboard in Resources */,
				F8901BCC1AA792AC009D0790 /* LaunchScreen.xib in Resources */,
				F85C18AA1AB37D9000140C7F /* SignupLoginCell.xib in Resources */,
				F88484D11AADE87000CC9498 /* LoadingCell.xib in Resources */,
				F8901C271AA807E4009D0790 /* SearchResultCell.xib in Resources */,
				F8775C231AA8B7E2009BD8EC /* NothingFoundCell.xib in Resources */,
				F8901BC91AA792AC009D0790 /* Images.xcassets in Resources */,
			);
			runOnlyForDeploymentPostprocessing = 0;
		};
		F8901BCF1AA792AD009D0790 /* Resources */ = {
			isa = PBXResourcesBuildPhase;
			buildActionMask = 2147483647;
			files = (
			);
			runOnlyForDeploymentPostprocessing = 0;
		};
/* End PBXResourcesBuildPhase section */

/* Begin PBXSourcesBuildPhase section */
		F8901BB81AA792AC009D0790 /* Sources */ = {
			isa = PBXSourcesBuildPhase;
			buildActionMask = 2147483647;
			files = (
				F81B9FF41AB2244500202056 /* BookCenterViewController.swift in Sources */,
				F8901BEB1AA793AA009D0790 /* SearchViewController.swift in Sources */,
				F8775C2B1AA8D5FD009BD8EC /* Searcher.swift in Sources */,
				F88470C61AB0E2AC0019756B /* GradientView.swift in Sources */,
				F85C18AE1AB37F8E00140C7F /* SignupLoginCell.swift in Sources */,
				F88470C41AB0C2E20019756B /* Validation.swift in Sources */,
				F8901C211AA803ED009D0790 /* SearchResultCell.swift in Sources */,
				F8775C291AA8CFEF009BD8EC /* Owners.swift in Sources */,
				F8901BC21AA792AC009D0790 /* AppDelegate.swift in Sources */,
				F8775C271AA8CFC6009BD8EC /* Books.swift in Sources */,
				F8AEFD4F1AAF11A200F0CCDA /* DetailViewController.swift in Sources */,
				F81B9FF21AB223F600202056 /* UserCenterViewController.swift in Sources */,
				F88470C81AB0E72C0019756B /* BounceAnimationController.swift in Sources */,
				F8AEFD511AAF1D2800F0CCDA /* DimmingPresentationController.swift in Sources */,
				F81B9FF61AB2246200202056 /* BookManageViewController.swift in Sources */,
				F8AEFD531AAF27B300F0CCDA /* SlideOutAnimationController.swift in Sources */,
			);
			runOnlyForDeploymentPostprocessing = 0;
		};
		F8901BCD1AA792AD009D0790 /* Sources */ = {
			isa = PBXSourcesBuildPhase;
			buildActionMask = 2147483647;
			files = (
				F8901BD81AA792AD009D0790 /* Barrie2BookTests.swift in Sources */,
			);
			runOnlyForDeploymentPostprocessing = 0;
		};
/* End PBXSourcesBuildPhase section */

/* Begin PBXTargetDependency section */
		F8901BD31AA792AD009D0790 /* PBXTargetDependency */ = {
			isa = PBXTargetDependency;
			target = F8901BBB1AA792AC009D0790 /* Barrie2Book */;
			targetProxy = F8901BD21AA792AD009D0790 /* PBXContainerItemProxy */;
		};
/* End PBXTargetDependency section */

/* Begin PBXVariantGroup section */
		F8901BC51AA792AC009D0790 /* Main.storyboard */ = {
			isa = PBXVariantGroup;
			children = (
				F8901BC61AA792AC009D0790 /* Base */,
			);
			name = Main.storyboard;
			sourceTree = "<group>";
		};
		F8901BCA1AA792AC009D0790 /* LaunchScreen.xib */ = {
			isa = PBXVariantGroup;
			children = (
				F8901BCB1AA792AC009D0790 /* Base */,
			);
			name = LaunchScreen.xib;
			sourceTree = "<group>";
		};
/* End PBXVariantGroup section */

/* Begin XCBuildConfiguration section */
		F8901BD91AA792AD009D0790 /* Debug */ = {
			isa = XCBuildConfiguration;
			buildSettings = {
				ALWAYS_SEARCH_USER_PATHS = NO;
				CLANG_CXX_LANGUAGE_STANDARD = "gnu++0x";
				CLANG_CXX_LIBRARY = "libc++";
				CLANG_ENABLE_MODULES = YES;
				CLANG_ENABLE_OBJC_ARC = YES;
				CLANG_WARN_BOOL_CONVERSION = YES;
				CLANG_WARN_CONSTANT_CONVERSION = YES;
				CLANG_WARN_DIRECT_OBJC_ISA_USAGE = YES_ERROR;
				CLANG_WARN_EMPTY_BODY = YES;
				CLANG_WARN_ENUM_CONVERSION = YES;
				CLANG_WARN_INT_CONVERSION = YES;
				CLANG_WARN_OBJC_ROOT_CLASS = YES_ERROR;
				CLANG_WARN_UNREACHABLE_CODE = YES;
				CLANG_WARN__DUPLICATE_METHOD_MATCH = YES;
				"CODE_SIGN_IDENTITY[sdk=iphoneos*]" = "iPhone Developer";
				COPY_PHASE_STRIP = NO;
				ENABLE_STRICT_OBJC_MSGSEND = YES;
				GCC_C_LANGUAGE_STANDARD = gnu99;
				GCC_DYNAMIC_NO_PIC = NO;
				GCC_OPTIMIZATION_LEVEL = 0;
				GCC_PREPROCESSOR_DEFINITIONS = (
					"DEBUG=1",
					"$(inherited)",
				);
				GCC_SYMBOLS_PRIVATE_EXTERN = NO;
				GCC_WARN_64_TO_32_BIT_CONVERSION = YES;
				GCC_WARN_ABOUT_RETURN_TYPE = YES_ERROR;
				GCC_WARN_UNDECLARED_SELECTOR = YES;
				GCC_WARN_UNINITIALIZED_AUTOS = YES_AGGRESSIVE;
				GCC_WARN_UNUSED_FUNCTION = YES;
				GCC_WARN_UNUSED_VARIABLE = YES;
				IPHONEOS_DEPLOYMENT_TARGET = 8.1;
				MTL_ENABLE_DEBUG_INFO = YES;
				ONLY_ACTIVE_ARCH = YES;
				SDKROOT = iphoneos;
				SWIFT_OPTIMIZATION_LEVEL = "-Onone";
			};
			name = Debug;
		};
		F8901BDA1AA792AD009D0790 /* Release */ = {
			isa = XCBuildConfiguration;
			buildSettings = {
				ALWAYS_SEARCH_USER_PATHS = NO;
				CLANG_CXX_LANGUAGE_STANDARD = "gnu++0x";
				CLANG_CXX_LIBRARY = "libc++";
				CLANG_ENABLE_MODULES = YES;
				CLANG_ENABLE_OBJC_ARC = YES;
				CLANG_WARN_BOOL_CONVERSION = YES;
				CLANG_WARN_CONSTANT_CONVERSION = YES;
				CLANG_WARN_DIRECT_OBJC_ISA_USAGE = YES_ERROR;
				CLANG_WARN_EMPTY_BODY = YES;
				CLANG_WARN_ENUM_CONVERSION = YES;
				CLANG_WARN_INT_CONVERSION = YES;
				CLANG_WARN_OBJC_ROOT_CLASS = YES_ERROR;
				CLANG_WARN_UNREACHABLE_CODE = YES;
				CLANG_WARN__DUPLICATE_METHOD_MATCH = YES;
				"CODE_SIGN_IDENTITY[sdk=iphoneos*]" = "iPhone Developer";
				COPY_PHASE_STRIP = YES;
				ENABLE_NS_ASSERTIONS = NO;
				ENABLE_STRICT_OBJC_MSGSEND = YES;
				GCC_C_LANGUAGE_STANDARD = gnu99;
				GCC_WARN_64_TO_32_BIT_CONVERSION = YES;
				GCC_WARN_ABOUT_RETURN_TYPE = YES_ERROR;
				GCC_WARN_UNDECLARED_SELECTOR = YES;
				GCC_WARN_UNINITIALIZED_AUTOS = YES_AGGRESSIVE;
				GCC_WARN_UNUSED_FUNCTION = YES;
				GCC_WARN_UNUSED_VARIABLE = YES;
				IPHONEOS_DEPLOYMENT_TARGET = 8.1;
				MTL_ENABLE_DEBUG_INFO = NO;
				SDKROOT = iphoneos;
				VALIDATE_PRODUCT = YES;
			};
			name = Release;
		};
		F8901BDC1AA792AD009D0790 /* Debug */ = {
			isa = XCBuildConfiguration;
			buildSettings = {
				ASSETCATALOG_COMPILER_APPICON_NAME = AppIcon;
				INFOPLIST_FILE = Barrie2Book/Info.plist;
				LD_RUNPATH_SEARCH_PATHS = "$(inherited) @executable_path/Frameworks";
				PRODUCT_NAME = "$(TARGET_NAME)";
			};
			name = Debug;
		};
		F8901BDD1AA792AD009D0790 /* Release */ = {
			isa = XCBuildConfiguration;
			buildSettings = {
				ASSETCATALOG_COMPILER_APPICON_NAME = AppIcon;
				INFOPLIST_FILE = Barrie2Book/Info.plist;
				LD_RUNPATH_SEARCH_PATHS = "$(inherited) @executable_path/Frameworks";
				PRODUCT_NAME = "$(TARGET_NAME)";
			};
			name = Release;
		};
		F8901BDF1AA792AD009D0790 /* Debug */ = {
			isa = XCBuildConfiguration;
			buildSettings = {
				BUNDLE_LOADER = "$(TEST_HOST)";
				FRAMEWORK_SEARCH_PATHS = (
					"$(SDKROOT)/Developer/Library/Frameworks",
					"$(inherited)",
				);
				GCC_PREPROCESSOR_DEFINITIONS = (
					"DEBUG=1",
					"$(inherited)",
				);
				INFOPLIST_FILE = Barrie2BookTests/Info.plist;
				LD_RUNPATH_SEARCH_PATHS = "$(inherited) @executable_path/Frameworks @loader_path/Frameworks";
				PRODUCT_NAME = "$(TARGET_NAME)";
				TEST_HOST = "$(BUILT_PRODUCTS_DIR)/Barrie2Book.app/Barrie2Book";
			};
			name = Debug;
		};
		F8901BE01AA792AD009D0790 /* Release */ = {
			isa = XCBuildConfiguration;
			buildSettings = {
				BUNDLE_LOADER = "$(TEST_HOST)";
				FRAMEWORK_SEARCH_PATHS = (
					"$(SDKROOT)/Developer/Library/Frameworks",
					"$(inherited)",
				);
				INFOPLIST_FILE = Barrie2BookTests/Info.plist;
				LD_RUNPATH_SEARCH_PATHS = "$(inherited) @executable_path/Frameworks @loader_path/Frameworks";
				PRODUCT_NAME = "$(TARGET_NAME)";
				TEST_HOST = "$(BUILT_PRODUCTS_DIR)/Barrie2Book.app/Barrie2Book";
			};
			name = Release;
		};
/* End XCBuildConfiguration section */

/* Begin XCConfigurationList section */
		F8901BB71AA792AC009D0790 /* Build configuration list for PBXProject "Barrie2Book" */ = {
			isa = XCConfigurationList;
			buildConfigurations = (
				F8901BD91AA792AD009D0790 /* Debug */,
				F8901BDA1AA792AD009D0790 /* Release */,
			);
			defaultConfigurationIsVisible = 0;
			defaultConfigurationName = Release;
		};
		F8901BDB1AA792AD009D0790 /* Build configuration list for PBXNativeTarget "Barrie2Book" */ = {
			isa = XCConfigurationList;
			buildConfigurations = (
				F8901BDC1AA792AD009D0790 /* Debug */,
				F8901BDD1AA792AD009D0790 /* Release */,
			);
			defaultConfigurationIsVisible = 0;
			defaultConfigurationName = Release;
		};
		F8901BDE1AA792AD009D0790 /* Build configuration list for PBXNativeTarget "Barrie2BookTests" */ = {
			isa = XCConfigurationList;
			buildConfigurations = (
				F8901BDF1AA792AD009D0790 /* Debug */,
				F8901BE01AA792AD009D0790 /* Release */,
			);
			defaultConfigurationIsVisible = 0;
			defaultConfigurationName = Release;
		};
/* End XCConfigurationList section */
	};
	rootObject = F8901BB41AA792AC009D0790 /* Project object */;
}
